
Microsoft Visual Studio Solution File, Format Version 12.00
# Visual Studio Version 16
VisualStudioVersion = 16.0.30804.86
MinimumVisualStudioVersion = 10.0.40219.1
Project("{FAE04EC0-301F-11D3-BF4B-00C04F79EFBC}") = "CrudOperationUsingEF", "CrudOperationUsingEF.csproj", "{2A0948D8-8F29-499B-942E-8B543F9B3DCF}"
EndProject
Global
	GlobalSection(SolutionConfigurationPlatforms) = preSolution
		Debug|Any CPU = Debug|Any CPU
		Release|Any CPU = Release|Any CPU
	EndGlobalSection
	GlobalSection(ProjectConfigurationPlatforms) = postSolution
		{2A0948D8-8F29-499B-942E-8B543F9B3DCF}.Debug|Any CPU.ActiveCfg = Debug|Any CPU
		{2A0948D8-8F29-499B-942E-8B543F9B3DCF}.Debug|Any CPU.Build.0 = Debug|Any CPU
		{2A0948D8-8F29-499B-942E-8B543F9B3DCF}.Release|Any CPU.ActiveCfg = Release|Any CPU
		{2A0948D8-8F29-499B-942E-8B543F9B3DCF}.Release|Any CPU.Build.0 = Release|Any CPU
	EndGlobalSection
	GlobalSection(SolutionProperties) = preSolution
		HideSolutionNode = FALSE
	EndGlobalSection
	GlobalSection(ExtensibilityGlobals) = postSolution
		SolutionGuid = {DE1BD1DF-166A-4A6B-91DE-DC0482B62AD1}
	EndGlobalSection
EndGlobal
